
Microsoft Visual Studio Solution File, Format Version 12.00
# Visual Studio Version 16
VisualStudioVersion = 16.0.808.6
MinimumVisualStudioVersion = 10.0.40219.1
Project("{FAE04EC0-301F-11D3-BF4B-00C04F79EFBC}") = "FinFriend.Android", "FinFriend.Android\FinFriend.Android.csproj", "{6CB0B578-880B-4E5B-A4CE-04E6728E9185}"
EndProject
Project("{FAE04EC0-301F-11D3-BF4B-00C04F79EFBC}") = "FinFriend.iOS", "FinFriend.iOS\FinFriend.iOS.csproj", "{59B578D9-7365-48A9-A535-3A7098E40A76}"
EndProject
Project("{FAE04EC0-301F-11D3-BF4B-00C04F79EFBC}") = "FinFriend", "FinFriend\FinFriend.csproj", "{4DD44E23-E586-44E4-A60D-978FB532CE0E}"
EndProject
Project("{FAE04EC0-301F-11D3-BF4B-00C04F79EFBC}") = "API", "API\API.csproj", "{28C658D0-7932-4971-916B-0065E174EEC3}"
EndProject
Project("{FAE04EC0-301F-11D3-BF4B-00C04F79EFBC}") = "ConsoleTests", "ConsoleTests\ConsoleTests.csproj", "{EA97CD0D-8166-4FF3-A7FE-8ECD107E39AC}"
EndProject
Project("{FAE04EC0-301F-11D3-BF4B-00C04F79EFBC}") = "Models", "Models\Models.csproj", "{4662C4ED-452D-459F-B7E0-E56A7F97E2EE}"
EndProject
Project("{FAE04EC0-301F-11D3-BF4B-00C04F79EFBC}") = "Contracts", "Contracts\Contracts.csproj", "{7767AA1B-CAE2-4248-AD47-2CAD795311C5}"
EndProject
Global
	GlobalSection(SolutionConfigurationPlatforms) = preSolution
		Debug|Any CPU = Debug|Any CPU
		Release|Any CPU = Release|Any CPU
		Debug|iPhoneSimulator = Debug|iPhoneSimulator
		Release|iPhoneSimulator = Release|iPhoneSimulator
		Debug|iPhone = Debug|iPhone
		Release|iPhone = Release|iPhone
	EndGlobalSection
	GlobalSection(ProjectConfigurationPlatforms) = postSolution
		{6CB0B578-880B-4E5B-A4CE-04E6728E9185}.Debug|Any CPU.ActiveCfg = Debug|Any CPU
		{6CB0B578-880B-4E5B-A4CE-04E6728E9185}.Debug|Any CPU.Build.0 = Debug|Any CPU
		{6CB0B578-880B-4E5B-A4CE-04E6728E9185}.Release|Any CPU.ActiveCfg = Release|Any CPU
		{6CB0B578-880B-4E5B-A4CE-04E6728E9185}.Release|Any CPU.Build.0 = Release|Any CPU
		{6CB0B578-880B-4E5B-A4CE-04E6728E9185}.Debug|iPhoneSimulator.ActiveCfg = Debug|Any CPU
		{6CB0B578-880B-4E5B-A4CE-04E6728E9185}.Debug|iPhoneSimulator.Build.0 = Debug|Any CPU
		{6CB0B578-880B-4E5B-A4CE-04E6728E9185}.Release|iPhoneSimulator.ActiveCfg = Release|Any CPU
		{6CB0B578-880B-4E5B-A4CE-04E6728E9185}.Release|iPhoneSimulator.Build.0 = Release|Any CPU
		{6CB0B578-880B-4E5B-A4CE-04E6728E9185}.Debug|iPhone.ActiveCfg = Debug|Any CPU
		{6CB0B578-880B-4E5B-A4CE-04E6728E9185}.Debug|iPhone.Build.0 = Debug|Any CPU
		{6CB0B578-880B-4E5B-A4CE-04E6728E9185}.Release|iPhone.ActiveCfg = Release|Any CPU
		{6CB0B578-880B-4E5B-A4CE-04E6728E9185}.Release|iPhone.Build.0 = Release|Any CPU
		{59B578D9-7365-48A9-A535-3A7098E40A76}.Debug|Any CPU.ActiveCfg = Debug|iPhoneSimulator
		{59B578D9-7365-48A9-A535-3A7098E40A76}.Debug|Any CPU.Build.0 = Debug|iPhoneSimulator
		{59B578D9-7365-48A9-A535-3A7098E40A76}.Release|Any CPU.ActiveCfg = Release|iPhoneSimulator
		{59B578D9-7365-48A9-A535-3A7098E40A76}.Release|Any CPU.Build.0 = Release|iPhoneSimulator
		{59B578D9-7365-48A9-A535-3A7098E40A76}.Debug|iPhoneSimulator.ActiveCfg = Debug|iPhoneSimulator
		{59B578D9-7365-48A9-A535-3A7098E40A76}.Debug|iPhoneSimulator.Build.0 = Debug|iPhoneSimulator
		{59B578D9-7365-48A9-A535-3A7098E40A76}.Release|iPhoneSimulator.ActiveCfg = Release|iPhoneSimulator
		{59B578D9-7365-48A9-A535-3A7098E40A76}.Release|iPhoneSimulator.Build.0 = Release|iPhoneSimulator
		{59B578D9-7365-48A9-A535-3A7098E40A76}.Debug|iPhone.ActiveCfg = Debug|iPhone
		{59B578D9-7365-48A9-A535-3A7098E40A76}.Debug|iPhone.Build.0 = Debug|iPhone
		{59B578D9-7365-48A9-A535-3A7098E40A76}.Release|iPhone.ActiveCfg = Release|iPhone
		{59B578D9-7365-48A9-A535-3A7098E40A76}.Release|iPhone.Build.0 = Release|iPhone
		{4DD44E23-E586-44E4-A60D-978FB532CE0E}.Debug|Any CPU.ActiveCfg = Debug|Any CPU
		{4DD44E23-E586-44E4-A60D-978FB532CE0E}.Debug|Any CPU.Build.0 = Debug|Any CPU
		{4DD44E23-E586-44E4-A60D-978FB532CE0E}.Release|Any CPU.ActiveCfg = Release|Any CPU
		{4DD44E23-E586-44E4-A60D-978FB532CE0E}.Release|Any CPU.Build.0 = Release|Any CPU
		{4DD44E23-E586-44E4-A60D-978FB532CE0E}.Debug|iPhoneSimulator.ActiveCfg = Debug|Any CPU
		{4DD44E23-E586-44E4-A60D-978FB532CE0E}.Debug|iPhoneSimulator.Build.0 = Debug|Any CPU
		{4DD44E23-E586-44E4-A60D-978FB532CE0E}.Release|iPhoneSimulator.ActiveCfg = Release|Any CPU
		{4DD44E23-E586-44E4-A60D-978FB532CE0E}.Release|iPhoneSimulator.Build.0 = Release|Any CPU
		{4DD44E23-E586-44E4-A60D-978FB532CE0E}.Debug|iPhone.ActiveCfg = Debug|Any CPU
		{4DD44E23-E586-44E4-A60D-978FB532CE0E}.Debug|iPhone.Build.0 = Debug|Any CPU
		{4DD44E23-E586-44E4-A60D-978FB532CE0E}.Release|iPhone.ActiveCfg = Release|Any CPU
		{4DD44E23-E586-44E4-A60D-978FB532CE0E}.Release|iPhone.Build.0 = Release|Any CPU
		{28C658D0-7932-4971-916B-0065E174EEC3}.Debug|Any CPU.ActiveCfg = Debug|Any CPU
		{28C658D0-7932-4971-916B-0065E174EEC3}.Debug|Any CPU.Build.0 = Debug|Any CPU
		{28C658D0-7932-4971-916B-0065E174EEC3}.Release|Any CPU.ActiveCfg = Release|Any CPU
		{28C658D0-7932-4971-916B-0065E174EEC3}.Release|Any CPU.Build.0 = Release|Any CPU
		{28C658D0-7932-4971-916B-0065E174EEC3}.Debug|iPhoneSimulator.ActiveCfg = Debug|Any CPU
		{28C658D0-7932-4971-916B-0065E174EEC3}.Debug|iPhoneSimulator.Build.0 = Debug|Any CPU
		{28C658D0-7932-4971-916B-0065E174EEC3}.Release|iPhoneSimulator.ActiveCfg = Release|Any CPU
		{28C658D0-7932-4971-916B-0065E174EEC3}.Release|iPhoneSimulator.Build.0 = Release|Any CPU
		{28C658D0-7932-4971-916B-0065E174EEC3}.Debug|iPhone.ActiveCfg = Debug|Any CPU
		{28C658D0-7932-4971-916B-0065E174EEC3}.Debug|iPhone.Build.0 = Debug|Any CPU
		{28C658D0-7932-4971-916B-0065E174EEC3}.Release|iPhone.ActiveCfg = Release|Any CPU
		{28C658D0-7932-4971-916B-0065E174EEC3}.Release|iPhone.Build.0 = Release|Any CPU
		{EA97CD0D-8166-4FF3-A7FE-8ECD107E39AC}.Debug|Any CPU.ActiveCfg = Debug|Any CPU
		{EA97CD0D-8166-4FF3-A7FE-8ECD107E39AC}.Debug|Any CPU.Build.0 = Debug|Any CPU
		{EA97CD0D-8166-4FF3-A7FE-8ECD107E39AC}.Release|Any CPU.ActiveCfg = Release|Any CPU
		{EA97CD0D-8166-4FF3-A7FE-8ECD107E39AC}.Release|Any CPU.Build.0 = Release|Any CPU
		{EA97CD0D-8166-4FF3-A7FE-8ECD107E39AC}.Debug|iPhoneSimulator.ActiveCfg = Debug|Any CPU
		{EA97CD0D-8166-4FF3-A7FE-8ECD107E39AC}.Debug|iPhoneSimulator.Build.0 = Debug|Any CPU
		{EA97CD0D-8166-4FF3-A7FE-8ECD107E39AC}.Release|iPhoneSimulator.ActiveCfg = Release|Any CPU
		{EA97CD0D-8166-4FF3-A7FE-8ECD107E39AC}.Release|iPhoneSimulator.Build.0 = Release|Any CPU
		{EA97CD0D-8166-4FF3-A7FE-8ECD107E39AC}.Debug|iPhone.ActiveCfg = Debug|Any CPU
		{EA97CD0D-8166-4FF3-A7FE-8ECD107E39AC}.Debug|iPhone.Build.0 = Debug|Any CPU
		{EA97CD0D-8166-4FF3-A7FE-8ECD107E39AC}.Release|iPhone.ActiveCfg = Release|Any CPU
		{EA97CD0D-8166-4FF3-A7FE-8ECD107E39AC}.Release|iPhone.Build.0 = Release|Any CPU
		{4662C4ED-452D-459F-B7E0-E56A7F97E2EE}.Debug|Any CPU.ActiveCfg = Debug|Any CPU
		{4662C4ED-452D-459F-B7E0-E56A7F97E2EE}.Debug|Any CPU.Build.0 = Debug|Any CPU
		{4662C4ED-452D-459F-B7E0-E56A7F97E2EE}.Release|Any CPU.ActiveCfg = Release|Any CPU
		{4662C4ED-452D-459F-B7E0-E56A7F97E2EE}.Release|Any CPU.Build.0 = Release|Any CPU
		{4662C4ED-452D-459F-B7E0-E56A7F97E2EE}.Debug|iPhoneSimulator.ActiveCfg = Debug|Any CPU
		{4662C4ED-452D-459F-B7E0-E56A7F97E2EE}.Debug|iPhoneSimulator.Build.0 = Debug|Any CPU
		{4662C4ED-452D-459F-B7E0-E56A7F97E2EE}.Release|iPhoneSimulator.ActiveCfg = Release|Any CPU
		{4662C4ED-452D-459F-B7E0-E56A7F97E2EE}.Release|iPhoneSimulator.Build.0 = Release|Any CPU
		{4662C4ED-452D-459F-B7E0-E56A7F97E2EE}.Debug|iPhone.ActiveCfg = Debug|Any CPU
		{4662C4ED-452D-459F-B7E0-E56A7F97E2EE}.Debug|iPhone.Build.0 = Debug|Any CPU
		{4662C4ED-452D-459F-B7E0-E56A7F97E2EE}.Release|iPhone.ActiveCfg = Release|Any CPU
		{4662C4ED-452D-459F-B7E0-E56A7F97E2EE}.Release|iPhone.Build.0 = Release|Any CPU
		{7767AA1B-CAE2-4248-AD47-2CAD795311C5}.Debug|Any CPU.ActiveCfg = Debug|Any CPU
		{7767AA1B-CAE2-4248-AD47-2CAD795311C5}.Debug|Any CPU.Build.0 = Debug|Any CPU
		{7767AA1B-CAE2-4248-AD47-2CAD795311C5}.Release|Any CPU.ActiveCfg = Release|Any CPU
		{7767AA1B-CAE2-4248-AD47-2CAD795311C5}.Release|Any CPU.Build.0 = Release|Any CPU
		{7767AA1B-CAE2-4248-AD47-2CAD795311C5}.Debug|iPhoneSimulator.ActiveCfg = Debug|Any CPU
		{7767AA1B-CAE2-4248-AD47-2CAD795311C5}.Debug|iPhoneSimulator.Build.0 = Debug|Any CPU
		{7767AA1B-CAE2-4248-AD47-2CAD795311C5}.Release|iPhoneSimulator.ActiveCfg = Release|Any CPU
		{7767AA1B-CAE2-4248-AD47-2CAD795311C5}.Release|iPhoneSimulator.Build.0 = Release|Any CPU
		{7767AA1B-CAE2-4248-AD47-2CAD795311C5}.Debug|iPhone.ActiveCfg = Debug|Any CPU
		{7767AA1B-CAE2-4248-AD47-2CAD795311C5}.Debug|iPhone.Build.0 = Debug|Any CPU
		{7767AA1B-CAE2-4248-AD47-2CAD795311C5}.Release|iPhone.ActiveCfg = Release|Any CPU
		{7767AA1B-CAE2-4248-AD47-2CAD795311C5}.Release|iPhone.Build.0 = Release|Any CPU
	EndGlobalSection
	GlobalSection(SolutionProperties) = preSolution
		HideSolutionNode = FALSE
	EndGlobalSection
	GlobalSection(ExtensibilityGlobals) = postSolution
		SolutionGuid = {2600A7A3-4031-4213-A6AD-FEFC35ABE7C6}
	EndGlobalSection
EndGlobal
